
Microsoft Visual Studio Solution File, Format Version 12.00
# Visual Studio Version 17
VisualStudioVersion = 17.2.32526.322
MinimumVisualStudioVersion = 10.0.40219.1
Project("{FAE04EC0-301F-11D3-BF4B-00C04F79EFBC}") = "BTAPI", "BTAPI\BTAPI.csproj", "{6BFFEC8C-A45E-417E-AFC2-A18117B7643D}"
EndProject
Global
	GlobalSection(SolutionConfigurationPlatforms) = preSolution
		Debug|Any CPU = Debug|Any CPU
		Release|Any CPU = Release|Any CPU
	EndGlobalSection
	GlobalSection(ProjectConfigurationPlatforms) = postSolution
		{6BFFEC8C-A45E-417E-AFC2-A18117B7643D}.Debug|Any CPU.ActiveCfg = Debug|Any CPU
		{6BFFEC8C-A45E-417E-AFC2-A18117B7643D}.Debug|Any CPU.Build.0 = Debug|Any CPU
		{6BFFEC8C-A45E-417E-AFC2-A18117B7643D}.Release|Any CPU.ActiveCfg = Release|Any CPU
		{6BFFEC8C-A45E-417E-AFC2-A18117B7643D}.Release|Any CPU.Build.0 = Release|Any CPU
	EndGlobalSection
	GlobalSection(SolutionProperties) = preSolution
		HideSolutionNode = FALSE
	EndGlobalSection
	GlobalSection(ExtensibilityGlobals) = postSolution
		SolutionGuid = {C5A7BF49-9C7A-440F-BC5D-3EC8C576458D}
	EndGlobalSection
EndGlobal
